
Microsoft Visual Studio Solution File, Format Version 12.00
# Visual Studio 15
VisualStudioVersion = 15.0.28010.2050
MinimumVisualStudioVersion = 10.0.40219.1
Project("{FAE04EC0-301F-11D3-BF4B-00C04F79EFBC}") = "YALV", "YALV\YALV.csproj", "{D9109556-5B27-4FF2-AB53-837DF91A5466}"
EndProject
Project("{FAE04EC0-301F-11D3-BF4B-00C04F79EFBC}") = "YALV.Samples", "YALV.Samples\YALV.Samples.csproj", "{5276151E-F717-4893-9A09-C9DD3CE65F83}"
EndProject
Project("{FAE04EC0-301F-11D3-BF4B-00C04F79EFBC}") = "YALV.Core", "YALV.Core\YALV.Core.csproj", "{D8EFA045-5482-4BBA-A1BF-28667D5F4635}"
EndProject
Project("{FAE04EC0-301F-11D3-BF4B-00C04F79EFBC}") = "YALV.DefaultPlugins", "YALV.DefaultPlugins\YALV.DefaultPlugins.csproj", "{80AA479F-8905-419B-9C66-9AC4BA20F79D}"
EndProject
Project("{FAE04EC0-301F-11D3-BF4B-00C04F79EFBC}") = "YALV.CsStackTrackPlugin", "YALV.CsStackTrackPlugin\YALV.CsStackTrackPlugin.csproj", "{AAA01757-6F1D-4166-B1C9-4A83490EC44F}"
EndProject
Project("{FAE04EC0-301F-11D3-BF4B-00C04F79EFBC}") = "YALV.Core.Test", "YALV.Core.Test\YALV.Core.Test.csproj", "{553671EF-A694-4922-A450-FF66D0612C76}"
EndProject
Project("{FAE04EC0-301F-11D3-BF4B-00C04F79EFBC}") = "YALV.MetrohmPlugins", "..\..\MetrohmPlugins\YALV.MetrohmPlugins\YALV.MetrohmPlugins\YALV.MetrohmPlugins.csproj", "{3F014F82-0C5B-4EFC-9708-A852ABEE88DF}"
EndProject
Global
	GlobalSection(SolutionConfigurationPlatforms) = preSolution
		Debug|Any CPU = Debug|Any CPU
		Debug|x86 = Debug|x86
		Release|Any CPU = Release|Any CPU
		Release|x86 = Release|x86
	EndGlobalSection
	GlobalSection(ProjectConfigurationPlatforms) = postSolution
		{D9109556-5B27-4FF2-AB53-837DF91A5466}.Debug|Any CPU.ActiveCfg = Debug|Any CPU
		{D9109556-5B27-4FF2-AB53-837DF91A5466}.Debug|Any CPU.Build.0 = Debug|Any CPU
		{D9109556-5B27-4FF2-AB53-837DF91A5466}.Debug|x86.ActiveCfg = Debug|x86
		{D9109556-5B27-4FF2-AB53-837DF91A5466}.Debug|x86.Build.0 = Debug|x86
		{D9109556-5B27-4FF2-AB53-837DF91A5466}.Release|Any CPU.ActiveCfg = Release|Any CPU
		{D9109556-5B27-4FF2-AB53-837DF91A5466}.Release|Any CPU.Build.0 = Release|Any CPU
		{D9109556-5B27-4FF2-AB53-837DF91A5466}.Release|x86.ActiveCfg = Release|x86
		{D9109556-5B27-4FF2-AB53-837DF91A5466}.Release|x86.Build.0 = Release|x86
		{5276151E-F717-4893-9A09-C9DD3CE65F83}.Debug|Any CPU.ActiveCfg = Debug|Any CPU
		{5276151E-F717-4893-9A09-C9DD3CE65F83}.Debug|Any CPU.Build.0 = Debug|Any CPU
		{5276151E-F717-4893-9A09-C9DD3CE65F83}.Debug|x86.ActiveCfg = Debug|x86
		{5276151E-F717-4893-9A09-C9DD3CE65F83}.Debug|x86.Build.0 = Debug|x86
		{5276151E-F717-4893-9A09-C9DD3CE65F83}.Release|Any CPU.ActiveCfg = Release|Any CPU
		{5276151E-F717-4893-9A09-C9DD3CE65F83}.Release|Any CPU.Build.0 = Release|Any CPU
		{5276151E-F717-4893-9A09-C9DD3CE65F83}.Release|x86.ActiveCfg = Release|x86
		{5276151E-F717-4893-9A09-C9DD3CE65F83}.Release|x86.Build.0 = Release|x86
		{D8EFA045-5482-4BBA-A1BF-28667D5F4635}.Debug|Any CPU.ActiveCfg = Debug|Any CPU
		{D8EFA045-5482-4BBA-A1BF-28667D5F4635}.Debug|Any CPU.Build.0 = Debug|Any CPU
		{D8EFA045-5482-4BBA-A1BF-28667D5F4635}.Debug|x86.ActiveCfg = Debug|Any CPU
		{D8EFA045-5482-4BBA-A1BF-28667D5F4635}.Release|Any CPU.ActiveCfg = Release|Any CPU
		{D8EFA045-5482-4BBA-A1BF-28667D5F4635}.Release|Any CPU.Build.0 = Release|Any CPU
		{D8EFA045-5482-4BBA-A1BF-28667D5F4635}.Release|x86.ActiveCfg = Release|Any CPU
		{80AA479F-8905-419B-9C66-9AC4BA20F79D}.Debug|Any CPU.ActiveCfg = Debug|Any CPU
		{80AA479F-8905-419B-9C66-9AC4BA20F79D}.Debug|Any CPU.Build.0 = Debug|Any CPU
		{80AA479F-8905-419B-9C66-9AC4BA20F79D}.Debug|x86.ActiveCfg = Debug|Any CPU
		{80AA479F-8905-419B-9C66-9AC4BA20F79D}.Debug|x86.Build.0 = Debug|Any CPU
		{80AA479F-8905-419B-9C66-9AC4BA20F79D}.Release|Any CPU.ActiveCfg = Release|Any CPU
		{80AA479F-8905-419B-9C66-9AC4BA20F79D}.Release|Any CPU.Build.0 = Release|Any CPU
		{80AA479F-8905-419B-9C66-9AC4BA20F79D}.Release|x86.ActiveCfg = Release|Any CPU
		{80AA479F-8905-419B-9C66-9AC4BA20F79D}.Release|x86.Build.0 = Release|Any CPU
		{AAA01757-6F1D-4166-B1C9-4A83490EC44F}.Debug|Any CPU.ActiveCfg = Debug|Any CPU
		{AAA01757-6F1D-4166-B1C9-4A83490EC44F}.Debug|Any CPU.Build.0 = Debug|Any CPU
		{AAA01757-6F1D-4166-B1C9-4A83490EC44F}.Debug|x86.ActiveCfg = Debug|Any CPU
		{AAA01757-6F1D-4166-B1C9-4A83490EC44F}.Debug|x86.Build.0 = Debug|Any CPU
		{AAA01757-6F1D-4166-B1C9-4A83490EC44F}.Release|Any CPU.ActiveCfg = Release|Any CPU
		{AAA01757-6F1D-4166-B1C9-4A83490EC44F}.Release|Any CPU.Build.0 = Release|Any CPU
		{AAA01757-6F1D-4166-B1C9-4A83490EC44F}.Release|x86.ActiveCfg = Release|Any CPU
		{AAA01757-6F1D-4166-B1C9-4A83490EC44F}.Release|x86.Build.0 = Release|Any CPU
		{553671EF-A694-4922-A450-FF66D0612C76}.Debug|Any CPU.ActiveCfg = Debug|Any CPU
		{553671EF-A694-4922-A450-FF66D0612C76}.Debug|Any CPU.Build.0 = Debug|Any CPU
		{553671EF-A694-4922-A450-FF66D0612C76}.Debug|x86.ActiveCfg = Debug|Any CPU
		{553671EF-A694-4922-A450-FF66D0612C76}.Debug|x86.Build.0 = Debug|Any CPU
		{553671EF-A694-4922-A450-FF66D0612C76}.Release|Any CPU.ActiveCfg = Release|Any CPU
		{553671EF-A694-4922-A450-FF66D0612C76}.Release|Any CPU.Build.0 = Release|Any CPU
		{553671EF-A694-4922-A450-FF66D0612C76}.Release|x86.ActiveCfg = Release|Any CPU
		{553671EF-A694-4922-A450-FF66D0612C76}.Release|x86.Build.0 = Release|Any CPU
		{3F014F82-0C5B-4EFC-9708-A852ABEE88DF}.Debug|Any CPU.ActiveCfg = Debug|Any CPU
		{3F014F82-0C5B-4EFC-9708-A852ABEE88DF}.Debug|Any CPU.Build.0 = Debug|Any CPU
		{3F014F82-0C5B-4EFC-9708-A852ABEE88DF}.Debug|x86.ActiveCfg = Debug|Any CPU
		{3F014F82-0C5B-4EFC-9708-A852ABEE88DF}.Debug|x86.Build.0 = Debug|Any CPU
		{3F014F82-0C5B-4EFC-9708-A852ABEE88DF}.Release|Any CPU.ActiveCfg = Release|Any CPU
		{3F014F82-0C5B-4EFC-9708-A852ABEE88DF}.Release|Any CPU.Build.0 = Release|Any CPU
		{3F014F82-0C5B-4EFC-9708-A852ABEE88DF}.Release|x86.ActiveCfg = Release|Any CPU
		{3F014F82-0C5B-4EFC-9708-A852ABEE88DF}.Release|x86.Build.0 = Release|Any CPU
	EndGlobalSection
	GlobalSection(SolutionProperties) = preSolution
		HideSolutionNode = FALSE
	EndGlobalSection
	GlobalSection(ExtensibilityGlobals) = postSolution
		SolutionGuid = {E7606637-0AB2-47AF-9694-A786091D4AEA}
	EndGlobalSection
EndGlobal
